// !$*UTF8*$!
{
	archiveVersion = 1;
	classes = {
	};
	objectVersion = 46;
	objects = {

/* Begin PBXBuildFile section */
		1ED4563BC5C90E6380225BDF /* Pods_tnt.framework in Frameworks */ = {isa = PBXBuildFile; fileRef = 9F4D76D9CE2B78856F25CFBF /* Pods_tnt.framework */; };
		A7074AF21F9595AE004EBAB8 /* Login.storyboard in Resources */ = {isa = PBXBuildFile; fileRef = A7074AF11F9595AE004EBAB8 /* Login.storyboard */; };
		A7074AF41F959D1D004EBAB8 /* tntLoginMethodsViewController.swift in Sources */ = {isa = PBXBuildFile; fileRef = A7074AF31F959D1D004EBAB8 /* tntLoginMethodsViewController.swift */; };
		A71726AB1FB1579F00759B52 /* AIFlatSwitch.swift in Sources */ = {isa = PBXBuildFile; fileRef = A71726AA1FB1579F00759B52 /* AIFlatSwitch.swift */; };
		A71726AD1FB23B3400759B52 /* tntEditEventHeaderVC.swift in Sources */ = {isa = PBXBuildFile; fileRef = A71726AC1FB23B3400759B52 /* tntEditEventHeaderVC.swift */; };
		A724598C1FCF658F00558162 /* TeamSetup.storyboard in Resources */ = {isa = PBXBuildFile; fileRef = A724598B1FCF658F00558162 /* TeamSetup.storyboard */; };
		A72459931FCF696C00558162 /* Team+CoreDataClass.swift in Sources */ = {isa = PBXBuildFile; fileRef = A72459911FCF696C00558162 /* Team+CoreDataClass.swift */; };
		A72459941FCF696C00558162 /* Team+CoreDataProperties.swift in Sources */ = {isa = PBXBuildFile; fileRef = A72459921FCF696C00558162 /* Team+CoreDataProperties.swift */; };
		A72459961FD057EB00558162 /* tntTeam.swift in Sources */ = {isa = PBXBuildFile; fileRef = A72459951FD057EB00558162 /* tntTeam.swift */; };
		A72459981FD059C800558162 /* TeamMO.swift in Sources */ = {isa = PBXBuildFile; fileRef = A72459971FD059C800558162 /* TeamMO.swift */; };
		A724599B1FD07CB300558162 /* tntEditTeamVC.swift in Sources */ = {isa = PBXBuildFile; fileRef = A724599A1FD07CB300558162 /* tntEditTeamVC.swift */; };
		A724599D1FD07DE900558162 /* tntSelectTeamTVC.swift in Sources */ = {isa = PBXBuildFile; fileRef = A724599C1FD07DE900558162 /* tntSelectTeamTVC.swift */; };
		A72825501EA7CFBE00EA3DA0 /* tntIdentityProvider.swift in Sources */ = {isa = PBXBuildFile; fileRef = A728254F1EA7CFBE00EA3DA0 /* tntIdentityProvider.swift */; };
		A72825521EA97FAB00EA3DA0 /* tntS3UploadViewController.swift in Sources */ = {isa = PBXBuildFile; fileRef = A72825511EA97FAB00EA3DA0 /* tntS3UploadViewController.swift */; };
		A73120181EF9ADC00008F9F9 /* tntVideoUploadViewController.swift in Sources */ = {isa = PBXBuildFile; fileRef = A73120171EF9ADC00008F9F9 /* tntVideoUploadViewController.swift */; };
		A7349A191F7800D400E5EFEA /* AthleteSetup.storyboard in Resources */ = {isa = PBXBuildFile; fileRef = A7349A181F7800D400E5EFEA /* AthleteSetup.storyboard */; };
		A7349A1B1F78054100E5EFEA /* tntAthleteSetupChoices.swift in Sources */ = {isa = PBXBuildFile; fileRef = A7349A1A1F78054100E5EFEA /* tntAthleteSetupChoices.swift */; };
		A7349A1D1F781F0200E5EFEA /* tntEditAthleteViewController.swift in Sources */ = {isa = PBXBuildFile; fileRef = A7349A1C1F781F0200E5EFEA /* tntEditAthleteViewController.swift */; };
		A7349A1F1F78959D00E5EFEA /* tntAthleteSelectViewController.swift in Sources */ = {isa = PBXBuildFile; fileRef = A7349A1E1F78959D00E5EFEA /* tntAthleteSelectViewController.swift */; };
		A7349A211F7895C200E5EFEA /* tntAthleteSearchViewController.swift in Sources */ = {isa = PBXBuildFile; fileRef = A7349A201F7895C200E5EFEA /* tntAthleteSearchViewController.swift */; };
		A734D4DB1F17E30D006F89D3 /* tntMeet.swift in Sources */ = {isa = PBXBuildFile; fileRef = A734D4DA1F17E30D006F89D3 /* tntMeet.swift */; };
		A734D4DD1F216E1F006F89D3 /* tntScoringViewController.swift in Sources */ = {isa = PBXBuildFile; fileRef = A734D4DC1F216E1F006F89D3 /* tntScoringViewController.swift */; };
		A734D4DF1F216E8A006F89D3 /* tntMeetsTableViewController.swift in Sources */ = {isa = PBXBuildFile; fileRef = A734D4DE1F216E8A006F89D3 /* tntMeetsTableViewController.swift */; };
		A74DE87D1E8DD4EB006B2AF5 /* AppDelegate.swift in Sources */ = {isa = PBXBuildFile; fileRef = A74DE87C1E8DD4EB006B2AF5 /* AppDelegate.swift */; };
		A74DE8821E8DD4EB006B2AF5 /* Main.storyboard in Resources */ = {isa = PBXBuildFile; fileRef = A74DE8801E8DD4EB006B2AF5 /* Main.storyboard */; };
		A74DE8851E8DD4EB006B2AF5 /* tnt.xcdatamodeld in Sources */ = {isa = PBXBuildFile; fileRef = A74DE8831E8DD4EB006B2AF5 /* tnt.xcdatamodeld */; };
		A74DE8871E8DD4EB006B2AF5 /* Assets.xcassets in Resources */ = {isa = PBXBuildFile; fileRef = A74DE8861E8DD4EB006B2AF5 /* Assets.xcassets */; };
		A74DE88A1E8DD4EB006B2AF5 /* LaunchScreen.storyboard in Resources */ = {isa = PBXBuildFile; fileRef = A74DE8881E8DD4EB006B2AF5 /* LaunchScreen.storyboard */; };
		A74DE8951E8DD4EB006B2AF5 /* tntTests.swift in Sources */ = {isa = PBXBuildFile; fileRef = A74DE8941E8DD4EB006B2AF5 /* tntTests.swift */; };
		A74DE8A01E8DD4EB006B2AF5 /* tntUITests.swift in Sources */ = {isa = PBXBuildFile; fileRef = A74DE89F1E8DD4EB006B2AF5 /* tntUITests.swift */; };
		A74DE8BB1E96E1F6006B2AF5 /* tntAthlete.swift in Sources */ = {isa = PBXBuildFile; fileRef = A74DE8BA1E96E1F6006B2AF5 /* tntAthlete.swift */; };
		A74DE8BD1E96EEDF006B2AF5 /* tntHomeViewController.swift in Sources */ = {isa = PBXBuildFile; fileRef = A74DE8BC1E96EEDF006B2AF5 /* tntHomeViewController.swift */; };
		A7504E4E1F7ABE7B00928A79 /* ScoresMO.swift in Sources */ = {isa = PBXBuildFile; fileRef = A7504E4D1F7ABE7B00928A79 /* ScoresMO.swift */; };
		A7504E501F7ABEDD00928A79 /* MeetMO.swift in Sources */ = {isa = PBXBuildFile; fileRef = A7504E4F1F7ABEDD00928A79 /* MeetMO.swift */; };
		A7504E521F7ABF5800928A79 /* VideoMO.swift in Sources */ = {isa = PBXBuildFile; fileRef = A7504E511F7ABF5800928A79 /* VideoMO.swift */; };
		A7504E541F7ABFC000928A79 /* AthleteMO.swift in Sources */ = {isa = PBXBuildFile; fileRef = A7504E531F7ABFC000928A79 /* AthleteMO.swift */; };
		A7504E5D1F7AC41B00928A79 /* Meet+CoreDataClass.swift in Sources */ = {isa = PBXBuildFile; fileRef = A7504E551F7AC41B00928A79 /* Meet+CoreDataClass.swift */; };
		A7504E5E1F7AC41B00928A79 /* Meet+CoreDataProperties.swift in Sources */ = {isa = PBXBuildFile; fileRef = A7504E561F7AC41B00928A79 /* Meet+CoreDataProperties.swift */; };
		A7504E5F1F7AC41B00928A79 /* Video+CoreDataClass.swift in Sources */ = {isa = PBXBuildFile; fileRef = A7504E571F7AC41B00928A79 /* Video+CoreDataClass.swift */; };
		A7504E601F7AC41B00928A79 /* Video+CoreDataProperties.swift in Sources */ = {isa = PBXBuildFile; fileRef = A7504E581F7AC41B00928A79 /* Video+CoreDataProperties.swift */; };
		A7504E611F7AC41B00928A79 /* Scores+CoreDataClass.swift in Sources */ = {isa = PBXBuildFile; fileRef = A7504E591F7AC41B00928A79 /* Scores+CoreDataClass.swift */; };
		A7504E621F7AC41B00928A79 /* Scores+CoreDataProperties.swift in Sources */ = {isa = PBXBuildFile; fileRef = A7504E5A1F7AC41B00928A79 /* Scores+CoreDataProperties.swift */; };
		A7504E631F7AC41B00928A79 /* Athlete+CoreDataClass.swift in Sources */ = {isa = PBXBuildFile; fileRef = A7504E5B1F7AC41B00928A79 /* Athlete+CoreDataClass.swift */; };
		A7504E641F7AC41B00928A79 /* Athlete+CoreDataProperties.swift in Sources */ = {isa = PBXBuildFile; fileRef = A7504E5C1F7AC41B00928A79 /* Athlete+CoreDataProperties.swift */; };
		A760E93F1FBE3C9400D0D7F3 /* tntEditVideoInfoVC.swift in Sources */ = {isa = PBXBuildFile; fileRef = A760E93E1FBE3C9400D0D7F3 /* tntEditVideoInfoVC.swift */; };
		A76E9CD31E9FDCF400FC14FC /* AWSCore.framework in Frameworks */ = {isa = PBXBuildFile; fileRef = A76E9CD21E9FDCF400FC14FC /* AWSCore.framework */; };
		A76E9CD41E9FDCF400FC14FC /* AWSCore.framework in Embed Frameworks */ = {isa = PBXBuildFile; fileRef = A76E9CD21E9FDCF400FC14FC /* AWSCore.framework */; settings = {ATTRIBUTES = (CodeSignOnCopy, RemoveHeadersOnCopy, ); }; };
		A76E9CD71E9FDD1900FC14FC /* AWSCognito.framework in Frameworks */ = {isa = PBXBuildFile; fileRef = A76E9CD61E9FDD1900FC14FC /* AWSCognito.framework */; };
		A76E9CD81E9FDD1900FC14FC /* AWSCognito.framework in Embed Frameworks */ = {isa = PBXBuildFile; fileRef = A76E9CD61E9FDD1900FC14FC /* AWSCognito.framework */; settings = {ATTRIBUTES = (CodeSignOnCopy, RemoveHeadersOnCopy, ); }; };
		A76E9CDA1E9FDD4100FC14FC /* AWSCognitoIdentityProvider.framework in Frameworks */ = {isa = PBXBuildFile; fileRef = A76E9CD91E9FDD4100FC14FC /* AWSCognitoIdentityProvider.framework */; };
		A76E9CDB1E9FDD4100FC14FC /* AWSCognitoIdentityProvider.framework in Embed Frameworks */ = {isa = PBXBuildFile; fileRef = A76E9CD91E9FDD4100FC14FC /* AWSCognitoIdentityProvider.framework */; settings = {ATTRIBUTES = (CodeSignOnCopy, RemoveHeadersOnCopy, ); }; };
		A76E9CDD1E9FDD5700FC14FC /* AWSDynamoDB.framework in Frameworks */ = {isa = PBXBuildFile; fileRef = A76E9CDC1E9FDD5700FC14FC /* AWSDynamoDB.framework */; };
		A76E9CDE1E9FDD5700FC14FC /* AWSDynamoDB.framework in Embed Frameworks */ = {isa = PBXBuildFile; fileRef = A76E9CDC1E9FDD5700FC14FC /* AWSDynamoDB.framework */; settings = {ATTRIBUTES = (CodeSignOnCopy, RemoveHeadersOnCopy, ); }; };
		A76E9CE01E9FDD7C00FC14FC /* AWSS3.framework in Frameworks */ = {isa = PBXBuildFile; fileRef = A76E9CDF1E9FDD7C00FC14FC /* AWSS3.framework */; };
		A76E9CE11E9FDD7C00FC14FC /* AWSS3.framework in Embed Frameworks */ = {isa = PBXBuildFile; fileRef = A76E9CDF1E9FDD7C00FC14FC /* AWSS3.framework */; settings = {ATTRIBUTES = (CodeSignOnCopy, RemoveHeadersOnCopy, ); }; };
		A77D4CEC1F335AD5004D7215 /* tntScores.swift in Sources */ = {isa = PBXBuildFile; fileRef = A77D4CEB1F335AD5004D7215 /* tntScores.swift */; };
		A77E58F11EE0F79700E05757 /* tntVideosTableViewController.swift in Sources */ = {isa = PBXBuildFile; fileRef = A77E58F01EE0F79700E05757 /* tntVideosTableViewController.swift */; };
		A77E58F31EE9C66700E05757 /* tntVideo.swift in Sources */ = {isa = PBXBuildFile; fileRef = A77E58F21EE9C66700E05757 /* tntVideo.swift */; };
		A78E8E691F9D1344007820C4 /* tntUserPoolLoginViewController.swift in Sources */ = {isa = PBXBuildFile; fileRef = A78E8E681F9D1344007820C4 /* tntUserPoolLoginViewController.swift */; };
		A797063B207FB2FF001F8920 /* tntPhotos.swift in Sources */ = {isa = PBXBuildFile; fileRef = A797063A207FB2FF001F8920 /* tntPhotos.swift */; };
		A797063D2080265C001F8920 /* tntOptionsTableCell.swift in Sources */ = {isa = PBXBuildFile; fileRef = A797063C2080265C001F8920 /* tntOptionsTableCell.swift */; };
		A797063F2097696C001F8920 /* meetSetupBkgView.xib in Resources */ = {isa = PBXBuildFile; fileRef = A797063E2097696C001F8920 /* meetSetupBkgView.xib */; };
		A79AA6321FA8FD41009B00A5 /* tntScoresTableViewController.swift in Sources */ = {isa = PBXBuildFile; fileRef = A79AA6311FA8FD41009B00A5 /* tntScoresTableViewController.swift */; };
		A79AA6341FA8FD7B009B00A5 /* tntScoresTableViewCell.swift in Sources */ = {isa = PBXBuildFile; fileRef = A79AA6331FA8FD7B009B00A5 /* tntScoresTableViewCell.swift */; };
		A79AA6361FA90169009B00A5 /* tntScoreItem.swift in Sources */ = {isa = PBXBuildFile; fileRef = A79AA6351FA90169009B00A5 /* tntScoreItem.swift */; };
		A79DB3501EC4C0560007A543 /* tntLocalDataManager.swift in Sources */ = {isa = PBXBuildFile; fileRef = A79DB34F1EC4C0560007A543 /* tntLocalDataManager.swift */; };
		A79DB3521EC4C5430007A543 /* tntSynchManager.swift in Sources */ = {isa = PBXBuildFile; fileRef = A79DB3511EC4C5430007A543 /* tntSynchManager.swift */; };
		A79DB3541EC537470007A543 /* tntLoginManager.swift in Sources */ = {isa = PBXBuildFile; fileRef = A79DB3531EC537470007A543 /* tntLoginManager.swift */; };
		A7BAA68F1F91AD9800B33CBC /* FBSDKCoreKit.framework in Frameworks */ = {isa = PBXBuildFile; fileRef = A7BAA68C1F91A9A500B33CBC /* FBSDKCoreKit.framework */; };
		A7BAA6901F91AD9F00B33CBC /* FBSDKLoginKit.framework in Frameworks */ = {isa = PBXBuildFile; fileRef = A7BAA68D1F91A9A500B33CBC /* FBSDKLoginKit.framework */; };
		A7BAA6911F91ADA400B33CBC /* Bolts.framework in Frameworks */ = {isa = PBXBuildFile; fileRef = A7BAA68B1F91A96F00B33CBC /* Bolts.framework */; };
		A7BAA6921F91ADAA00B33CBC /* FBSDKShareKit.framework in Frameworks */ = {isa = PBXBuildFile; fileRef = A7BAA68E1F91A9A500B33CBC /* FBSDKShareKit.framework */; };
		A7BCE18C1EA015A70053B550 /* tntLoginViewController.swift in Sources */ = {isa = PBXBuildFile; fileRef = A7BCE18B1EA015A70053B550 /* tntLoginViewController.swift */; };
		A7BCE18E1EA0175C0053B550 /* Constants.swift in Sources */ = {isa = PBXBuildFile; fileRef = A7BCE18D1EA0175C0053B550 /* Constants.swift */; };
		A7C7342F1FE2F97C00A502A6 /* SignUpViewController.swift in Sources */ = {isa = PBXBuildFile; fileRef = A7C7342E1FE2F97C00A502A6 /* SignUpViewController.swift */; };
		A7C734311FE320F600A502A6 /* tntConfirmSignup.swift in Sources */ = {isa = PBXBuildFile; fileRef = A7C734301FE320F600A502A6 /* tntConfirmSignup.swift */; };
		A7C734331FE35B6400A502A6 /* tntTeamActivityTVC.swift in Sources */ = {isa = PBXBuildFile; fileRef = A7C734321FE35B6400A502A6 /* tntTeamActivityTVC.swift */; };
		A7C734351FEB1C8600A502A6 /* tntTeamScores.swift in Sources */ = {isa = PBXBuildFile; fileRef = A7C734341FEB1C8600A502A6 /* tntTeamScores.swift */; };
		A7C734371FF0684E00A502A6 /* tntOptionsTVC.swift in Sources */ = {isa = PBXBuildFile; fileRef = A7C734361FF0684E00A502A6 /* tntOptionsTVC.swift */; };
		A7C734391FF1C70600A502A6 /* MeetSetup.storyboard in Resources */ = {isa = PBXBuildFile; fileRef = A7C734381FF1C70600A502A6 /* MeetSetup.storyboard */; };
		A7C7343D1FF2E9A400A502A6 /* tntAccountVC.swift in Sources */ = {isa = PBXBuildFile; fileRef = A7C7343C1FF2E9A400A502A6 /* tntAccountVC.swift */; };
		A7C734401FF3368B00A502A6 /* tntMeetSetupListTVC.swift in Sources */ = {isa = PBXBuildFile; fileRef = A7C7343F1FF3368B00A502A6 /* tntMeetSetupListTVC.swift */; };
		A7C734421FF3370000A502A6 /* tntMeetSetupListCell.swift in Sources */ = {isa = PBXBuildFile; fileRef = A7C734411FF3370000A502A6 /* tntMeetSetupListCell.swift */; };
		A7C734441FF35C0D00A502A6 /* tntEditMeetVC.swift in Sources */ = {isa = PBXBuildFile; fileRef = A7C734431FF35C0D00A502A6 /* tntEditMeetVC.swift */; };
		A7E22CAA1F7D96A0006FAAFC /* tntRelatedVideosTableCell.swift in Sources */ = {isa = PBXBuildFile; fileRef = A7E22CA91F7D96A0006FAAFC /* tntRelatedVideosTableCell.swift */; };
		A7F123F31FAC008A00B7207F /* tntScoresTableHeaderView.swift in Sources */ = {isa = PBXBuildFile; fileRef = A7F123F21FAC008A00B7207F /* tntScoresTableHeaderView.swift */; };
		A7F123F51FAC00AE00B7207F /* tntScoresTableHeaderView.xib in Resources */ = {isa = PBXBuildFile; fileRef = A7F123F41FAC00AE00B7207F /* tntScoresTableHeaderView.xib */; };
		A7F123F71FAF71EA00B7207F /* tntEditScoreItemVC.swift in Sources */ = {isa = PBXBuildFile; fileRef = A7F123F61FAF71EA00B7207F /* tntEditScoreItemVC.swift */; };
/* End PBXBuildFile section */

/* Begin PBXContainerItemProxy section */
		A74DE8911E8DD4EB006B2AF5 /* PBXContainerItemProxy */ = {
			isa = PBXContainerItemProxy;
			containerPortal = A74DE8711E8DD4EB006B2AF5 /* Project object */;
			proxyType = 1;
			remoteGlobalIDString = A74DE8781E8DD4EB006B2AF5;
			remoteInfo = tnt;
		};
		A74DE89C1E8DD4EB006B2AF5 /* PBXContainerItemProxy */ = {
			isa = PBXContainerItemProxy;
			containerPortal = A74DE8711E8DD4EB006B2AF5 /* Project object */;
			proxyType = 1;
			remoteGlobalIDString = A74DE8781E8DD4EB006B2AF5;
			remoteInfo = tnt;
		};
/* End PBXContainerItemProxy section */

/* Begin PBXCopyFilesBuildPhase section */
		A76E9CD51E9FDCF400FC14FC /* Embed Frameworks */ = {
			isa = PBXCopyFilesBuildPhase;
			buildActionMask = 2147483647;
			dstPath = "";
			dstSubfolderSpec = 10;
			files = (
				A76E9CD81E9FDD1900FC14FC /* AWSCognito.framework in Embed Frameworks */,
				A76E9CDB1E9FDD4100FC14FC /* AWSCognitoIdentityProvider.framework in Embed Frameworks */,
				A76E9CDE1E9FDD5700FC14FC /* AWSDynamoDB.framework in Embed Frameworks */,
				A76E9CD41E9FDCF400FC14FC /* AWSCore.framework in Embed Frameworks */,
				A76E9CE11E9FDD7C00FC14FC /* AWSS3.framework in Embed Frameworks */,
			);
			name = "Embed Frameworks";
			runOnlyForDeploymentPostprocessing = 0;
		};
/* End PBXCopyFilesBuildPhase section */

/* Begin PBXFileReference section */
		9F4D76D9CE2B78856F25CFBF /* Pods_tnt.framework */ = {isa = PBXFileReference; explicitFileType = wrapper.framework; includeInIndex = 0; path = Pods_tnt.framework; sourceTree = BUILT_PRODUCTS_DIR; };
		A7074AF11F9595AE004EBAB8 /* Login.storyboard */ = {isa = PBXFileReference; lastKnownFileType = file.storyboard; path = Login.storyboard; sourceTree = "<group>"; };
		A7074AF31F959D1D004EBAB8 /* tntLoginMethodsViewController.swift */ = {isa = PBXFileReference; lastKnownFileType = sourcecode.swift; path = tntLoginMethodsViewController.swift; sourceTree = "<group>"; };
		A71726AA1FB1579F00759B52 /* AIFlatSwitch.swift */ = {isa = PBXFileReference; lastKnownFileType = sourcecode.swift; path = AIFlatSwitch.swift; sourceTree = "<group>"; };
		A71726AC1FB23B3400759B52 /* tntEditEventHeaderVC.swift */ = {isa = PBXFileReference; lastKnownFileType = sourcecode.swift; path = tntEditEventHeaderVC.swift; sourceTree = "<group>"; };
		A724598B1FCF658F00558162 /* TeamSetup.storyboard */ = {isa = PBXFileReference; lastKnownFileType = file.storyboard; path = TeamSetup.storyboard; sourceTree = "<group>"; };
		A72459911FCF696C00558162 /* Team+CoreDataClass.swift */ = {isa = PBXFileReference; lastKnownFileType = sourcecode.swift; path = "Team+CoreDataClass.swift"; sourceTree = "<group>"; };
		A72459921FCF696C00558162 /* Team+CoreDataProperties.swift */ = {isa = PBXFileReference; lastKnownFileType = sourcecode.swift; path = "Team+CoreDataProperties.swift"; sourceTree = "<group>"; };
		A72459951FD057EB00558162 /* tntTeam.swift */ = {isa = PBXFileReference; lastKnownFileType = sourcecode.swift; path = tntTeam.swift; sourceTree = "<group>"; };
		A72459971FD059C800558162 /* TeamMO.swift */ = {isa = PBXFileReference; lastKnownFileType = sourcecode.swift; path = TeamMO.swift; sourceTree = "<group>"; };
		A724599A1FD07CB300558162 /* tntEditTeamVC.swift */ = {isa = PBXFileReference; lastKnownFileType = sourcecode.swift; path = tntEditTeamVC.swift; sourceTree = "<group>"; };
		A724599C1FD07DE900558162 /* tntSelectTeamTVC.swift */ = {isa = PBXFileReference; lastKnownFileType = sourcecode.swift; path = tntSelectTeamTVC.swift; sourceTree = "<group>"; };
		A728254F1EA7CFBE00EA3DA0 /* tntIdentityProvider.swift */ = {isa = PBXFileReference; fileEncoding = 4; lastKnownFileType = sourcecode.swift; path = tntIdentityProvider.swift; sourceTree = "<group>"; };
		A72825511EA97FAB00EA3DA0 /* tntS3UploadViewController.swift */ = {isa = PBXFileReference; fileEncoding = 4; lastKnownFileType = sourcecode.swift; path = tntS3UploadViewController.swift; sourceTree = "<group>"; };
		A73120171EF9ADC00008F9F9 /* tntVideoUploadViewController.swift */ = {isa = PBXFileReference; fileEncoding = 4; lastKnownFileType = sourcecode.swift; path = tntVideoUploadViewController.swift; sourceTree = "<group>"; };
		A7349A181F7800D400E5EFEA /* AthleteSetup.storyboard */ = {isa = PBXFileReference; fileEncoding = 4; lastKnownFileType = file.storyboard; path = AthleteSetup.storyboard; sourceTree = "<group>"; };
		A7349A1A1F78054100E5EFEA /* tntAthleteSetupChoices.swift */ = {isa = PBXFileReference; fileEncoding = 4; lastKnownFileType = sourcecode.swift; path = tntAthleteSetupChoices.swift; sourceTree = "<group>"; };
		A7349A1C1F781F0200E5EFEA /* tntEditAthleteViewController.swift */ = {isa = PBXFileReference; fileEncoding = 4; lastKnownFileType = sourcecode.swift; path = tntEditAthleteViewController.swift; sourceTree = "<group>"; };
		A7349A1E1F78959D00E5EFEA /* tntAthleteSelectViewController.swift */ = {isa = PBXFileReference; fileEncoding = 4; lastKnownFileType = sourcecode.swift; path = tntAthleteSelectViewController.swift; sourceTree = "<group>"; };
		A7349A201F7895C200E5EFEA /* tntAthleteSearchViewController.swift */ = {isa = PBXFileReference; fileEncoding = 4; lastKnownFileType = sourcecode.swift; path = tntAthleteSearchViewController.swift; sourceTree = "<group>"; };
		A734D4DA1F17E30D006F89D3 /* tntMeet.swift */ = {isa = PBXFileReference; fileEncoding = 4; lastKnownFileType = sourcecode.swift; path = tntMeet.swift; sourceTree = "<group>"; };
		A734D4DC1F216E1F006F89D3 /* tntScoringViewController.swift */ = {isa = PBXFileReference; fileEncoding = 4; lastKnownFileType = sourcecode.swift; path = tntScoringViewController.swift; sourceTree = "<group>"; };
		A734D4DE1F216E8A006F89D3 /* tntMeetsTableViewController.swift */ = {isa = PBXFileReference; fileEncoding = 4; lastKnownFileType = sourcecode.swift; path = tntMeetsTableViewController.swift; sourceTree = "<group>"; };
		A74DE8791E8DD4EB006B2AF5 /* tnt.app */ = {isa = PBXFileReference; explicitFileType = wrapper.application; includeInIndex = 0; path = tnt.app; sourceTree = BUILT_PRODUCTS_DIR; };
		A74DE87C1E8DD4EB006B2AF5 /* AppDelegate.swift */ = {isa = PBXFileReference; lastKnownFileType = sourcecode.swift; path = AppDelegate.swift; sourceTree = "<group>"; };
		A74DE8811E8DD4EB006B2AF5 /* Base */ = {isa = PBXFileReference; lastKnownFileType = file.storyboard; name = Base; path = Base.lproj/Main.storyboard; sourceTree = "<group>"; };
		A74DE8841E8DD4EB006B2AF5 /* tnt.xcdatamodel */ = {isa = PBXFileReference; lastKnownFileType = wrapper.xcdatamodel; path = tnt.xcdatamodel; sourceTree = "<group>"; };
		A74DE8861E8DD4EB006B2AF5 /* Assets.xcassets */ = {isa = PBXFileReference; lastKnownFileType = folder.assetcatalog; path = Assets.xcassets; sourceTree = "<group>"; };
		A74DE8891E8DD4EB006B2AF5 /* Base */ = {isa = PBXFileReference; lastKnownFileType = file.storyboard; name = Base; path = Base.lproj/LaunchScreen.storyboard; sourceTree = "<group>"; };
		A74DE88B1E8DD4EB006B2AF5 /* Info.plist */ = {isa = PBXFileReference; lastKnownFileType = text.plist.xml; path = Info.plist; sourceTree = "<group>"; };
		A74DE8901E8DD4EB006B2AF5 /* tntTests.xctest */ = {isa = PBXFileReference; explicitFileType = wrapper.cfbundle; includeInIndex = 0; path = tntTests.xctest; sourceTree = BUILT_PRODUCTS_DIR; };
		A74DE8941E8DD4EB006B2AF5 /* tntTests.swift */ = {isa = PBXFileReference; lastKnownFileType = sourcecode.swift; path = tntTests.swift; sourceTree = "<group>"; };
		A74DE8961E8DD4EB006B2AF5 /* Info.plist */ = {isa = PBXFileReference; lastKnownFileType = text.plist.xml; path = Info.plist; sourceTree = "<group>"; };
		A74DE89B1E8DD4EB006B2AF5 /* tntUITests.xctest */ = {isa = PBXFileReference; explicitFileType = wrapper.cfbundle; includeInIndex = 0; path = tntUITests.xctest; sourceTree = BUILT_PRODUCTS_DIR; };
		A74DE89F1E8DD4EB006B2AF5 /* tntUITests.swift */ = {isa = PBXFileReference; lastKnownFileType = sourcecode.swift; path = tntUITests.swift; sourceTree = "<group>"; };
		A74DE8A11E8DD4EB006B2AF5 /* Info.plist */ = {isa = PBXFileReference; lastKnownFileType = text.plist.xml; path = Info.plist; sourceTree = "<group>"; };
		A74DE8BA1E96E1F6006B2AF5 /* tntAthlete.swift */ = {isa = PBXFileReference; fileEncoding = 4; lastKnownFileType = sourcecode.swift; path = tntAthlete.swift; sourceTree = "<group>"; };
		A74DE8BC1E96EEDF006B2AF5 /* tntHomeViewController.swift */ = {isa = PBXFileReference; fileEncoding = 4; lastKnownFileType = sourcecode.swift; path = tntHomeViewController.swift; sourceTree = "<group>"; };
		A7504E4D1F7ABE7B00928A79 /* ScoresMO.swift */ = {isa = PBXFileReference; fileEncoding = 4; lastKnownFileType = sourcecode.swift; path = ScoresMO.swift; sourceTree = "<group>"; };
		A7504E4F1F7ABEDD00928A79 /* MeetMO.swift */ = {isa = PBXFileReference; fileEncoding = 4; lastKnownFileType = sourcecode.swift; path = MeetMO.swift; sourceTree = "<group>"; };
		A7504E511F7ABF5800928A79 /* VideoMO.swift */ = {isa = PBXFileReference; fileEncoding = 4; lastKnownFileType = sourcecode.swift; path = VideoMO.swift; sourceTree = "<group>"; };
		A7504E531F7ABFC000928A79 /* AthleteMO.swift */ = {isa = PBXFileReference; fileEncoding = 4; lastKnownFileType = sourcecode.swift; path = AthleteMO.swift; sourceTree = "<group>"; };
		A7504E551F7AC41B00928A79 /* Meet+CoreDataClass.swift */ = {isa = PBXFileReference; fileEncoding = 4; lastKnownFileType = sourcecode.swift; path = "Meet+CoreDataClass.swift"; sourceTree = "<group>"; };
		A7504E561F7AC41B00928A79 /* Meet+CoreDataProperties.swift */ = {isa = PBXFileReference; fileEncoding = 4; lastKnownFileType = sourcecode.swift; path = "Meet+CoreDataProperties.swift"; sourceTree = "<group>"; };
		A7504E571F7AC41B00928A79 /* Video+CoreDataClass.swift */ = {isa = PBXFileReference; fileEncoding = 4; lastKnownFileType = sourcecode.swift; path = "Video+CoreDataClass.swift"; sourceTree = "<group>"; };
		A7504E581F7AC41B00928A79 /* Video+CoreDataProperties.swift */ = {isa = PBXFileReference; fileEncoding = 4; lastKnownFileType = sourcecode.swift; path = "Video+CoreDataProperties.swift"; sourceTree = "<group>"; };
		A7504E591F7AC41B00928A79 /* Scores+CoreDataClass.swift */ = {isa = PBXFileReference; fileEncoding = 4; lastKnownFileType = sourcecode.swift; path = "Scores+CoreDataClass.swift"; sourceTree = "<group>"; };
		A7504E5A1F7AC41B00928A79 /* Scores+CoreDataProperties.swift */ = {isa = PBXFileReference; fileEncoding = 4; lastKnownFileType = sourcecode.swift; path = "Scores+CoreDataProperties.swift"; sourceTree = "<group>"; };
		A7504E5B1F7AC41B00928A79 /* Athlete+CoreDataClass.swift */ = {isa = PBXFileReference; fileEncoding = 4; lastKnownFileType = sourcecode.swift; path = "Athlete+CoreDataClass.swift"; sourceTree = "<group>"; };
		A7504E5C1F7AC41B00928A79 /* Athlete+CoreDataProperties.swift */ = {isa = PBXFileReference; fileEncoding = 4; lastKnownFileType = sourcecode.swift; path = "Athlete+CoreDataProperties.swift"; sourceTree = "<group>"; };
		A760E93E1FBE3C9400D0D7F3 /* tntEditVideoInfoVC.swift */ = {isa = PBXFileReference; lastKnownFileType = sourcecode.swift; path = tntEditVideoInfoVC.swift; sourceTree = "<group>"; };
		A76E9CD21E9FDCF400FC14FC /* AWSCore.framework */ = {isa = PBXFileReference; lastKnownFileType = wrapper.framework; path = AWSCore.framework; sourceTree = "<group>"; };
		A76E9CD61E9FDD1900FC14FC /* AWSCognito.framework */ = {isa = PBXFileReference; lastKnownFileType = wrapper.framework; path = AWSCognito.framework; sourceTree = "<group>"; };
		A76E9CD91E9FDD4100FC14FC /* AWSCognitoIdentityProvider.framework */ = {isa = PBXFileReference; lastKnownFileType = wrapper.framework; path = AWSCognitoIdentityProvider.framework; sourceTree = "<group>"; };
		A76E9CDC1E9FDD5700FC14FC /* AWSDynamoDB.framework */ = {isa = PBXFileReference; lastKnownFileType = wrapper.framework; path = AWSDynamoDB.framework; sourceTree = "<group>"; };
		A76E9CDF1E9FDD7C00FC14FC /* AWSS3.framework */ = {isa = PBXFileReference; lastKnownFileType = wrapper.framework; path = AWSS3.framework; sourceTree = "<group>"; };
		A77D4CEB1F335AD5004D7215 /* tntScores.swift */ = {isa = PBXFileReference; fileEncoding = 4; lastKnownFileType = sourcecode.swift; path = tntScores.swift; sourceTree = "<group>"; };
		A77E58F01EE0F79700E05757 /* tntVideosTableViewController.swift */ = {isa = PBXFileReference; fileEncoding = 4; lastKnownFileType = sourcecode.swift; path = tntVideosTableViewController.swift; sourceTree = "<group>"; };
		A77E58F21EE9C66700E05757 /* tntVideo.swift */ = {isa = PBXFileReference; fileEncoding = 4; lastKnownFileType = sourcecode.swift; path = tntVideo.swift; sourceTree = "<group>"; };
		A78E8E681F9D1344007820C4 /* tntUserPoolLoginViewController.swift */ = {isa = PBXFileReference; lastKnownFileType = sourcecode.swift; path = tntUserPoolLoginViewController.swift; sourceTree = "<group>"; };
		A797063A207FB2FF001F8920 /* tntPhotos.swift */ = {isa = PBXFileReference; lastKnownFileType = sourcecode.swift; path = tntPhotos.swift; sourceTree = "<group>"; };
		A797063C2080265C001F8920 /* tntOptionsTableCell.swift */ = {isa = PBXFileReference; lastKnownFileType = sourcecode.swift; path = tntOptionsTableCell.swift; sourceTree = "<group>"; };
		A797063E2097696C001F8920 /* meetSetupBkgView.xib */ = {isa = PBXFileReference; lastKnownFileType = file.xib; path = meetSetupBkgView.xib; sourceTree = "<group>"; };
		A79AA6311FA8FD41009B00A5 /* tntScoresTableViewController.swift */ = {isa = PBXFileReference; lastKnownFileType = sourcecode.swift; path = tntScoresTableViewController.swift; sourceTree = "<group>"; };
		A79AA6331FA8FD7B009B00A5 /* tntScoresTableViewCell.swift */ = {isa = PBXFileReference; lastKnownFileType = sourcecode.swift; path = tntScoresTableViewCell.swift; sourceTree = "<group>"; };
		A79AA6351FA90169009B00A5 /* tntScoreItem.swift */ = {isa = PBXFileReference; lastKnownFileType = sourcecode.swift; path = tntScoreItem.swift; sourceTree = "<group>"; };
		A79DB34F1EC4C0560007A543 /* tntLocalDataManager.swift */ = {isa = PBXFileReference; fileEncoding = 4; lastKnownFileType = sourcecode.swift; path = tntLocalDataManager.swift; sourceTree = "<group>"; };
		A79DB3511EC4C5430007A543 /* tntSynchManager.swift */ = {isa = PBXFileReference; fileEncoding = 4; lastKnownFileType = sourcecode.swift; path = tntSynchManager.swift; sourceTree = "<group>"; };
		A79DB3531EC537470007A543 /* tntLoginManager.swift */ = {isa = PBXFileReference; fileEncoding = 4; lastKnownFileType = sourcecode.swift; path = tntLoginManager.swift; sourceTree = "<group>"; };
		A7BAA68B1F91A96F00B33CBC /* Bolts.framework */ = {isa = PBXFileReference; lastKnownFileType = wrapper.framework; name = Bolts.framework; path = ../FacebookSDK/Bolts.framework; sourceTree = "<group>"; };
		A7BAA68C1F91A9A500B33CBC /* FBSDKCoreKit.framework */ = {isa = PBXFileReference; lastKnownFileType = wrapper.framework; name = FBSDKCoreKit.framework; path = ../FacebookSDK/FBSDKCoreKit.framework; sourceTree = "<group>"; };
		A7BAA68D1F91A9A500B33CBC /* FBSDKLoginKit.framework */ = {isa = PBXFileReference; lastKnownFileType = wrapper.framework; name = FBSDKLoginKit.framework; path = ../FacebookSDK/FBSDKLoginKit.framework; sourceTree = "<group>"; };
		A7BAA68E1F91A9A500B33CBC /* FBSDKShareKit.framework */ = {isa = PBXFileReference; lastKnownFileType = wrapper.framework; name = FBSDKShareKit.framework; path = ../FacebookSDK/FBSDKShareKit.framework; sourceTree = "<group>"; };
		A7BCE18B1EA015A70053B550 /* tntLoginViewController.swift */ = {isa = PBXFileReference; fileEncoding = 4; lastKnownFileType = sourcecode.swift; path = tntLoginViewController.swift; sourceTree = "<group>"; };
		A7BCE18D1EA0175C0053B550 /* Constants.swift */ = {isa = PBXFileReference; fileEncoding = 4; lastKnownFileType = sourcecode.swift; path = Constants.swift; sourceTree = "<group>"; };
		A7C7342E1FE2F97C00A502A6 /* SignUpViewController.swift */ = {isa = PBXFileReference; lastKnownFileType = sourcecode.swift; path = SignUpViewController.swift; sourceTree = "<group>"; };
		A7C734301FE320F600A502A6 /* tntConfirmSignup.swift */ = {isa = PBXFileReference; lastKnownFileType = sourcecode.swift; path = tntConfirmSignup.swift; sourceTree = "<group>"; };
		A7C734321FE35B6400A502A6 /* tntTeamActivityTVC.swift */ = {isa = PBXFileReference; lastKnownFileType = sourcecode.swift; path = tntTeamActivityTVC.swift; sourceTree = "<group>"; };
		A7C734341FEB1C8600A502A6 /* tntTeamScores.swift */ = {isa = PBXFileReference; lastKnownFileType = sourcecode.swift; path = tntTeamScores.swift; sourceTree = "<group>"; };
		A7C734361FF0684E00A502A6 /* tntOptionsTVC.swift */ = {isa = PBXFileReference; lastKnownFileType = sourcecode.swift; path = tntOptionsTVC.swift; sourceTree = "<group>"; };
		A7C734381FF1C70600A502A6 /* MeetSetup.storyboard */ = {isa = PBXFileReference; lastKnownFileType = file.storyboard; path = MeetSetup.storyboard; sourceTree = "<group>"; };
		A7C7343C1FF2E9A400A502A6 /* tntAccountVC.swift */ = {isa = PBXFileReference; lastKnownFileType = sourcecode.swift; path = tntAccountVC.swift; sourceTree = "<group>"; };
		A7C7343F1FF3368B00A502A6 /* tntMeetSetupListTVC.swift */ = {isa = PBXFileReference; lastKnownFileType = sourcecode.swift; path = tntMeetSetupListTVC.swift; sourceTree = "<group>"; };
		A7C734411FF3370000A502A6 /* tntMeetSetupListCell.swift */ = {isa = PBXFileReference; lastKnownFileType = sourcecode.swift; path = tntMeetSetupListCell.swift; sourceTree = "<group>"; };
		A7C734431FF35C0D00A502A6 /* tntEditMeetVC.swift */ = {isa = PBXFileReference; lastKnownFileType = sourcecode.swift; path = tntEditMeetVC.swift; sourceTree = "<group>"; };
		A7E22CA91F7D96A0006FAAFC /* tntRelatedVideosTableCell.swift */ = {isa = PBXFileReference; fileEncoding = 4; lastKnownFileType = sourcecode.swift; path = tntRelatedVideosTableCell.swift; sourceTree = "<group>"; };
		A7F123F21FAC008A00B7207F /* tntScoresTableHeaderView.swift */ = {isa = PBXFileReference; lastKnownFileType = sourcecode.swift; path = tntScoresTableHeaderView.swift; sourceTree = "<group>"; };
		A7F123F41FAC00AE00B7207F /* tntScoresTableHeaderView.xib */ = {isa = PBXFileReference; lastKnownFileType = file.xib; path = tntScoresTableHeaderView.xib; sourceTree = "<group>"; };
		A7F123F61FAF71EA00B7207F /* tntEditScoreItemVC.swift */ = {isa = PBXFileReference; lastKnownFileType = sourcecode.swift; path = tntEditScoreItemVC.swift; sourceTree = "<group>"; };
		CCADD3B3E4116C46273994CD /* Pods-tnt.release.xcconfig */ = {isa = PBXFileReference; includeInIndex = 1; lastKnownFileType = text.xcconfig; name = "Pods-tnt.release.xcconfig"; path = "Pods/Target Support Files/Pods-tnt/Pods-tnt.release.xcconfig"; sourceTree = "<group>"; };
		E8CA800DC1F082033AA5E8FF /* Pods-tnt.debug.xcconfig */ = {isa = PBXFileReference; includeInIndex = 1; lastKnownFileType = text.xcconfig; name = "Pods-tnt.debug.xcconfig"; path = "Pods/Target Support Files/Pods-tnt/Pods-tnt.debug.xcconfig"; sourceTree = "<group>"; };
/* End PBXFileReference section */

/* Begin PBXFrameworksBuildPhase section */
		A74DE8761E8DD4EB006B2AF5 /* Frameworks */ = {
			isa = PBXFrameworksBuildPhase;
			buildActionMask = 2147483647;
			files = (
				A7BAA68F1F91AD9800B33CBC /* FBSDKCoreKit.framework in Frameworks */,
				A7BAA6901F91AD9F00B33CBC /* FBSDKLoginKit.framework in Frameworks */,
				A7BAA6911F91ADA400B33CBC /* Bolts.framework in Frameworks */,
				A7BAA6921F91ADAA00B33CBC /* FBSDKShareKit.framework in Frameworks */,
				A76E9CD71E9FDD1900FC14FC /* AWSCognito.framework in Frameworks */,
				A76E9CE01E9FDD7C00FC14FC /* AWSS3.framework in Frameworks */,
				A76E9CDD1E9FDD5700FC14FC /* AWSDynamoDB.framework in Frameworks */,
				A76E9CD31E9FDCF400FC14FC /* AWSCore.framework in Frameworks */,
				A76E9CDA1E9FDD4100FC14FC /* AWSCognitoIdentityProvider.framework in Frameworks */,
				1ED4563BC5C90E6380225BDF /* Pods_tnt.framework in Frameworks */,
			);
			runOnlyForDeploymentPostprocessing = 0;
		};
		A74DE88D1E8DD4EB006B2AF5 /* Frameworks */ = {
			isa = PBXFrameworksBuildPhase;
			buildActionMask = 2147483647;
			files = (
			);
			runOnlyForDeploymentPostprocessing = 0;
		};
		A74DE8981E8DD4EB006B2AF5 /* Frameworks */ = {
			isa = PBXFrameworksBuildPhase;
			buildActionMask = 2147483647;
			files = (
			);
			runOnlyForDeploymentPostprocessing = 0;
		};
/* End PBXFrameworksBuildPhase section */

/* Begin PBXGroup section */
		35C1617C1B27CFDD5BA87460 /* Frameworks */ = {
			isa = PBXGroup;
			children = (
				9F4D76D9CE2B78856F25CFBF /* Pods_tnt.framework */,
			);
			name = Frameworks;
			sourceTree = "<group>";
		};
		A72459991FD07C1200558162 /* VCs Team Setup */ = {
			isa = PBXGroup;
			children = (
				A7C734321FE35B6400A502A6 /* tntTeamActivityTVC.swift */,
				A724599A1FD07CB300558162 /* tntEditTeamVC.swift */,
				A724599C1FD07DE900558162 /* tntSelectTeamTVC.swift */,
			);
			name = "VCs Team Setup";
			sourceTree = "<group>";
		};
		A73D1F921FBCC16F00A93A9C /* Storyboards */ = {
			isa = PBXGroup;
			children = (
				A74DE8881E8DD4EB006B2AF5 /* LaunchScreen.storyboard */,
				A7074AF11F9595AE004EBAB8 /* Login.storyboard */,
				A74DE8801E8DD4EB006B2AF5 /* Main.storyboard */,
				A7349A181F7800D400E5EFEA /* AthleteSetup.storyboard */,
				A724598B1FCF658F00558162 /* TeamSetup.storyboard */,
				A7C734381FF1C70600A502A6 /* MeetSetup.storyboard */,
			);
			name = Storyboards;
			sourceTree = "<group>";
		};
		A73D1F931FBCC64100A93A9C /* VCs Main */ = {
			isa = PBXGroup;
			children = (
				A74DE8BC1E96EEDF006B2AF5 /* tntHomeViewController.swift */,
				A79AA6311FA8FD41009B00A5 /* tntScoresTableViewController.swift */,
				A79AA6331FA8FD7B009B00A5 /* tntScoresTableViewCell.swift */,
				A7F123F61FAF71EA00B7207F /* tntEditScoreItemVC.swift */,
				A71726AC1FB23B3400759B52 /* tntEditEventHeaderVC.swift */,
				A7F123F21FAC008A00B7207F /* tntScoresTableHeaderView.swift */,
				A7F123F41FAC00AE00B7207F /* tntScoresTableHeaderView.xib */,
				A734D4DE1F216E8A006F89D3 /* tntMeetsTableViewController.swift */,
				A77E58F01EE0F79700E05757 /* tntVideosTableViewController.swift */,
				A7E22CA91F7D96A0006FAAFC /* tntRelatedVideosTableCell.swift */,
				A760E93E1FBE3C9400D0D7F3 /* tntEditVideoInfoVC.swift */,
				A7C734361FF0684E00A502A6 /* tntOptionsTVC.swift */,
				A797063C2080265C001F8920 /* tntOptionsTableCell.swift */,
			);
			name = "VCs Main";
			sourceTree = "<group>";
		};
		A73D1F941FBCC69A00A93A9C /* VCs Athlete Setup */ = {
			isa = PBXGroup;
			children = (
				A7349A1A1F78054100E5EFEA /* tntAthleteSetupChoices.swift */,
				A7349A1C1F781F0200E5EFEA /* tntEditAthleteViewController.swift */,
				A7349A1E1F78959D00E5EFEA /* tntAthleteSelectViewController.swift */,
				A7349A201F7895C200E5EFEA /* tntAthleteSearchViewController.swift */,
			);
			name = "VCs Athlete Setup";
			sourceTree = "<group>";
		};
		A73D1F951FBCC6DF00A93A9C /* VCs Login */ = {
			isa = PBXGroup;
			children = (
				A728254F1EA7CFBE00EA3DA0 /* tntIdentityProvider.swift */,
				A7074AF31F959D1D004EBAB8 /* tntLoginMethodsViewController.swift */,
				A78E8E681F9D1344007820C4 /* tntUserPoolLoginViewController.swift */,
				A7BCE18B1EA015A70053B550 /* tntLoginViewController.swift */,
				A7C7342E1FE2F97C00A502A6 /* SignUpViewController.swift */,
				A7C734301FE320F600A502A6 /* tntConfirmSignup.swift */,
				A7C7343C1FF2E9A400A502A6 /* tntAccountVC.swift */,
			);
			name = "VCs Login";
			sourceTree = "<group>";
		};
		A73D1F971FBCC76800A93A9C /* Other Model Classes */ = {
			isa = PBXGroup;
			children = (
				A79AA6351FA90169009B00A5 /* tntScoreItem.swift */,
			);
			name = "Other Model Classes";
			sourceTree = "<group>";
		};
		A73D1F981FBCC80100A93A9C /* Prototypes and Defunct */ = {
			isa = PBXGroup;
			children = (
				A734D4DC1F216E1F006F89D3 /* tntScoringViewController.swift */,
				A73120171EF9ADC00008F9F9 /* tntVideoUploadViewController.swift */,
				A72825511EA97FAB00EA3DA0 /* tntS3UploadViewController.swift */,
			);
			name = "Prototypes and Defunct";
			sourceTree = "<group>";
		};
		A73D1F991FBCC84400A93A9C /* Globals and Singletons */ = {
			isa = PBXGroup;
			children = (
				A797063A207FB2FF001F8920 /* tntPhotos.swift */,
				A74DE88B1E8DD4EB006B2AF5 /* Info.plist */,
				A74DE8861E8DD4EB006B2AF5 /* Assets.xcassets */,
				A7BCE18D1EA0175C0053B550 /* Constants.swift */,
				A74DE87C1E8DD4EB006B2AF5 /* AppDelegate.swift */,
				A79DB3531EC537470007A543 /* tntLoginManager.swift */,
				A79DB3511EC4C5430007A543 /* tntSynchManager.swift */,
				A79DB34F1EC4C0560007A543 /* tntLocalDataManager.swift */,
			);
			name = "Globals and Singletons";
			sourceTree = "<group>";
		};
		A73D1F9A1FBCCA4700A93A9C /* Custom Controls */ = {
			isa = PBXGroup;
			children = (
				A71726AA1FB1579F00759B52 /* AIFlatSwitch.swift */,
			);
			name = "Custom Controls";
			sourceTree = "<group>";
		};
		A74DE8701E8DD4EB006B2AF5 = {
			isa = PBXGroup;
			children = (
				A74DE87B1E8DD4EB006B2AF5 /* tnt */,
				A74DE8931E8DD4EB006B2AF5 /* tntTests */,
				A74DE89E1E8DD4EB006B2AF5 /* tntUITests */,
				A74DE87A1E8DD4EB006B2AF5 /* Products */,
				B8E1DD02351D613F0FFDFB99 /* Pods */,
				35C1617C1B27CFDD5BA87460 /* Frameworks */,
			);
			sourceTree = "<group>";
		};
		A74DE87A1E8DD4EB006B2AF5 /* Products */ = {
			isa = PBXGroup;
			children = (
				A74DE8791E8DD4EB006B2AF5 /* tnt.app */,
				A74DE8901E8DD4EB006B2AF5 /* tntTests.xctest */,
				A74DE89B1E8DD4EB006B2AF5 /* tntUITests.xctest */,
			);
			name = Products;
			sourceTree = "<group>";
		};
		A74DE87B1E8DD4EB006B2AF5 /* tnt */ = {
			isa = PBXGroup;
			children = (
				A73D1F991FBCC84400A93A9C /* Globals and Singletons */,
				A73D1F981FBCC80100A93A9C /* Prototypes and Defunct */,
				A7643F1D1F7AC979008C9579 /* CoreData Generated */,
				A7E20B881F86EB28009A0506 /* DynamoDB Mapping */,
				A7E20B871F86EAEB009A0506 /* CoreData Custom */,
				A73D1F971FBCC76800A93A9C /* Other Model Classes */,
				A73D1F921FBCC16F00A93A9C /* Storyboards */,
				A73D1F931FBCC64100A93A9C /* VCs Main */,
				A72459991FD07C1200558162 /* VCs Team Setup */,
				A73D1F941FBCC69A00A93A9C /* VCs Athlete Setup */,
				A7C7343E1FF335B700A502A6 /* VCs Meet Setup */,
				A73D1F951FBCC6DF00A93A9C /* VCs Login */,
				A73D1F9A1FBCCA4700A93A9C /* Custom Controls */,
				A7579B351E9FD6C800143A85 /* Frameworks */,
			);
			path = tnt;
			sourceTree = "<group>";
		};
		A74DE8931E8DD4EB006B2AF5 /* tntTests */ = {
			isa = PBXGroup;
			children = (
				A74DE8941E8DD4EB006B2AF5 /* tntTests.swift */,
				A74DE8961E8DD4EB006B2AF5 /* Info.plist */,
			);
			path = tntTests;
			sourceTree = "<group>";
		};
		A74DE89E1E8DD4EB006B2AF5 /* tntUITests */ = {
			isa = PBXGroup;
			children = (
				A74DE89F1E8DD4EB006B2AF5 /* tntUITests.swift */,
				A74DE8A11E8DD4EB006B2AF5 /* Info.plist */,
			);
			path = tntUITests;
			sourceTree = "<group>";
		};
		A7579B351E9FD6C800143A85 /* Frameworks */ = {
			isa = PBXGroup;
			children = (
				A7BAA68C1F91A9A500B33CBC /* FBSDKCoreKit.framework */,
				A7BAA68D1F91A9A500B33CBC /* FBSDKLoginKit.framework */,
				A7BAA68E1F91A9A500B33CBC /* FBSDKShareKit.framework */,
				A7BAA68B1F91A96F00B33CBC /* Bolts.framework */,
				A76E9CDF1E9FDD7C00FC14FC /* AWSS3.framework */,
				A76E9CDC1E9FDD5700FC14FC /* AWSDynamoDB.framework */,
				A76E9CD91E9FDD4100FC14FC /* AWSCognitoIdentityProvider.framework */,
				A76E9CD61E9FDD1900FC14FC /* AWSCognito.framework */,
				A76E9CD21E9FDCF400FC14FC /* AWSCore.framework */,
			);
			name = Frameworks;
			path = ..;
			sourceTree = "<group>";
		};
		A7643F1D1F7AC979008C9579 /* CoreData Generated */ = {
			isa = PBXGroup;
			children = (
				A72459911FCF696C00558162 /* Team+CoreDataClass.swift */,
				A72459921FCF696C00558162 /* Team+CoreDataProperties.swift */,
				A7504E551F7AC41B00928A79 /* Meet+CoreDataClass.swift */,
				A7504E561F7AC41B00928A79 /* Meet+CoreDataProperties.swift */,
				A7504E571F7AC41B00928A79 /* Video+CoreDataClass.swift */,
				A7504E581F7AC41B00928A79 /* Video+CoreDataProperties.swift */,
				A7504E591F7AC41B00928A79 /* Scores+CoreDataClass.swift */,
				A7504E5A1F7AC41B00928A79 /* Scores+CoreDataProperties.swift */,
				A7504E5B1F7AC41B00928A79 /* Athlete+CoreDataClass.swift */,
				A7504E5C1F7AC41B00928A79 /* Athlete+CoreDataProperties.swift */,
			);
			name = "CoreData Generated";
			sourceTree = "<group>";
		};
		A7C7343E1FF335B700A502A6 /* VCs Meet Setup */ = {
			isa = PBXGroup;
			children = (
				A797063E2097696C001F8920 /* meetSetupBkgView.xib */,
				A7C7343F1FF3368B00A502A6 /* tntMeetSetupListTVC.swift */,
				A7C734411FF3370000A502A6 /* tntMeetSetupListCell.swift */,
				A7C734431FF35C0D00A502A6 /* tntEditMeetVC.swift */,
			);
			name = "VCs Meet Setup";
			sourceTree = "<group>";
		};
		A7E20B871F86EAEB009A0506 /* CoreData Custom */ = {
			isa = PBXGroup;
			children = (
				A74DE8831E8DD4EB006B2AF5 /* tnt.xcdatamodeld */,
				A7504E531F7ABFC000928A79 /* AthleteMO.swift */,
				A7504E511F7ABF5800928A79 /* VideoMO.swift */,
				A7504E4F1F7ABEDD00928A79 /* MeetMO.swift */,
				A7504E4D1F7ABE7B00928A79 /* ScoresMO.swift */,
				A72459971FD059C800558162 /* TeamMO.swift */,
			);
			name = "CoreData Custom";
			sourceTree = "<group>";
		};
		A7E20B881F86EB28009A0506 /* DynamoDB Mapping */ = {
			isa = PBXGroup;
			children = (
				A74DE8BA1E96E1F6006B2AF5 /* tntAthlete.swift */,
				A72459951FD057EB00558162 /* tntTeam.swift */,
				A77D4CEB1F335AD5004D7215 /* tntScores.swift */,
				A734D4DA1F17E30D006F89D3 /* tntMeet.swift */,
				A77E58F21EE9C66700E05757 /* tntVideo.swift */,
				A7C734341FEB1C8600A502A6 /* tntTeamScores.swift */,
			);
			name = "DynamoDB Mapping";
			sourceTree = "<group>";
		};
		B8E1DD02351D613F0FFDFB99 /* Pods */ = {
			isa = PBXGroup;
			children = (
				E8CA800DC1F082033AA5E8FF /* Pods-tnt.debug.xcconfig */,
				CCADD3B3E4116C46273994CD /* Pods-tnt.release.xcconfig */,
			);
			name = Pods;
			sourceTree = "<group>";
		};
/* End PBXGroup section */

/* Begin PBXNativeTarget section */
		A74DE8781E8DD4EB006B2AF5 /* tnt */ = {
			isa = PBXNativeTarget;
			buildConfigurationList = A74DE8A41E8DD4EB006B2AF5 /* Build configuration list for PBXNativeTarget "tnt" */;
			buildPhases = (
				0CD7EC2ECD6E5818C06D3D65 /* [CP] Check Pods Manifest.lock */,
				A74DE8751E8DD4EB006B2AF5 /* Sources */,
				A74DE8761E8DD4EB006B2AF5 /* Frameworks */,
				A74DE8771E8DD4EB006B2AF5 /* Resources */,
				A76E9CD51E9FDCF400FC14FC /* Embed Frameworks */,
				A76E9CE21E9FDE2F00FC14FC /* ShellScript */,
				295B8C1B889B792CC2B0EB41 /* [CP] Embed Pods Frameworks */,
			);
			buildRules = (
			);
			dependencies = (
			);
			name = tnt;
			productName = tnt;
			productReference = A74DE8791E8DD4EB006B2AF5 /* tnt.app */;
			productType = "com.apple.product-type.application";
		};
		A74DE88F1E8DD4EB006B2AF5 /* tntTests */ = {
			isa = PBXNativeTarget;
			buildConfigurationList = A74DE8A71E8DD4EB006B2AF5 /* Build configuration list for PBXNativeTarget "tntTests" */;
			buildPhases = (
				A74DE88C1E8DD4EB006B2AF5 /* Sources */,
				A74DE88D1E8DD4EB006B2AF5 /* Frameworks */,
				A74DE88E1E8DD4EB006B2AF5 /* Resources */,
			);
			buildRules = (
			);
			dependencies = (
				A74DE8921E8DD4EB006B2AF5 /* PBXTargetDependency */,
			);
			name = tntTests;
			productName = tntTests;
			productReference = A74DE8901E8DD4EB006B2AF5 /* tntTests.xctest */;
			productType = "com.apple.product-type.bundle.unit-test";
		};
		A74DE89A1E8DD4EB006B2AF5 /* tntUITests */ = {
			isa = PBXNativeTarget;
			buildConfigurationList = A74DE8AA1E8DD4EB006B2AF5 /* Build configuration list for PBXNativeTarget "tntUITests" */;
			buildPhases = (
				A74DE8971E8DD4EB006B2AF5 /* Sources */,
				A74DE8981E8DD4EB006B2AF5 /* Frameworks */,
				A74DE8991E8DD4EB006B2AF5 /* Resources */,
			);
			buildRules = (
			);
			dependencies = (
				A74DE89D1E8DD4EB006B2AF5 /* PBXTargetDependency */,
			);
			name = tntUITests;
			productName = tntUITests;
			productReference = A74DE89B1E8DD4EB006B2AF5 /* tntUITests.xctest */;
			productType = "com.apple.product-type.bundle.ui-testing";
		};
/* End PBXNativeTarget section */

/* Begin PBXProject section */
		A74DE8711E8DD4EB006B2AF5 /* Project object */ = {
			isa = PBXProject;
			attributes = {
				LastSwiftUpdateCheck = 0800;
				LastUpgradeCheck = 0830;
				ORGANIZATIONNAME = ozzieozumo;
				TargetAttributes = {
					A74DE8781E8DD4EB006B2AF5 = {
						CreatedOnToolsVersion = 8.0;
						DevelopmentTeam = 3XJ4RLQ4TA;
						ProvisioningStyle = Automatic;
					};
					A74DE88F1E8DD4EB006B2AF5 = {
						CreatedOnToolsVersion = 8.0;
						DevelopmentTeam = 3XJ4RLQ4TA;
						ProvisioningStyle = Automatic;
						TestTargetID = A74DE8781E8DD4EB006B2AF5;
					};
					A74DE89A1E8DD4EB006B2AF5 = {
						CreatedOnToolsVersion = 8.0;
						DevelopmentTeam = 3XJ4RLQ4TA;
						ProvisioningStyle = Automatic;
						TestTargetID = A74DE8781E8DD4EB006B2AF5;
					};
				};
			};
			buildConfigurationList = A74DE8741E8DD4EB006B2AF5 /* Build configuration list for PBXProject "tnt" */;
			compatibilityVersion = "Xcode 3.2";
			developmentRegion = English;
			hasScannedForEncodings = 0;
			knownRegions = (
				en,
				Base,
			);
			mainGroup = A74DE8701E8DD4EB006B2AF5;
			productRefGroup = A74DE87A1E8DD4EB006B2AF5 /* Products */;
			projectDirPath = "";
			projectRoot = "";
			targets = (
				A74DE8781E8DD4EB006B2AF5 /* tnt */,
				A74DE88F1E8DD4EB006B2AF5 /* tntTests */,
				A74DE89A1E8DD4EB006B2AF5 /* tntUITests */,
			);
		};
/* End PBXProject section */

/* Begin PBXResourcesBuildPhase section */
		A74DE8771E8DD4EB006B2AF5 /* Resources */ = {
			isa = PBXResourcesBuildPhase;
			buildActionMask = 2147483647;
			files = (
				A74DE88A1E8DD4EB006B2AF5 /* LaunchScreen.storyboard in Resources */,
				A724598C1FCF658F00558162 /* TeamSetup.storyboard in Resources */,
				A74DE8871E8DD4EB006B2AF5 /* Assets.xcassets in Resources */,
				A7349A191F7800D400E5EFEA /* AthleteSetup.storyboard in Resources */,
				A797063F2097696C001F8920 /* meetSetupBkgView.xib in Resources */,
				A7074AF21F9595AE004EBAB8 /* Login.storyboard in Resources */,
				A7F123F51FAC00AE00B7207F /* tntScoresTableHeaderView.xib in Resources */,
				A74DE8821E8DD4EB006B2AF5 /* Main.storyboard in Resources */,
				A7C734391FF1C70600A502A6 /* MeetSetup.storyboard in Resources */,
			);
			runOnlyForDeploymentPostprocessing = 0;
		};
		A74DE88E1E8DD4EB006B2AF5 /* Resources */ = {
			isa = PBXResourcesBuildPhase;
			buildActionMask = 2147483647;
			files = (
			);
			runOnlyForDeploymentPostprocessing = 0;
		};
		A74DE8991E8DD4EB006B2AF5 /* Resources */ = {
			isa = PBXResourcesBuildPhase;
			buildActionMask = 2147483647;
			files = (
			);
			runOnlyForDeploymentPostprocessing = 0;
		};
/* End PBXResourcesBuildPhase section */

/* Begin PBXShellScriptBuildPhase section */
		0CD7EC2ECD6E5818C06D3D65 /* [CP] Check Pods Manifest.lock */ = {
			isa = PBXShellScriptBuildPhase;
			buildActionMask = 2147483647;
			files = (
			);
			inputPaths = (
				"${PODS_PODFILE_DIR_PATH}/Podfile.lock",
				"${PODS_ROOT}/Manifest.lock",
			);
			name = "[CP] Check Pods Manifest.lock";
			outputPaths = (
				"$(DERIVED_FILE_DIR)/Pods-tnt-checkManifestLockResult.txt",
			);
			runOnlyForDeploymentPostprocessing = 0;
			shellPath = /bin/sh;
			shellScript = "diff \"${PODS_PODFILE_DIR_PATH}/Podfile.lock\" \"${PODS_ROOT}/Manifest.lock\" > /dev/null\nif [ $? != 0 ] ; then\n    # print error to STDERR\n    echo \"error: The sandbox is not in sync with the Podfile.lock. Run 'pod install' or update your CocoaPods installation.\" >&2\n    exit 1\nfi\n# This output is used by Xcode 'outputs' to avoid re-running this script phase.\necho \"SUCCESS\" > \"${SCRIPT_OUTPUT_FILE_0}\"\n";
			showEnvVarsInLog = 0;
		};
		295B8C1B889B792CC2B0EB41 /* [CP] Embed Pods Frameworks */ = {
			isa = PBXShellScriptBuildPhase;
			buildActionMask = 2147483647;
			files = (
			);
			inputPaths = (
				"${SRCROOT}/Pods/Target Support Files/Pods-tnt/Pods-tnt-frameworks.sh",
				"${BUILT_PRODUCTS_DIR}/Bolts/Bolts.framework",
				"${BUILT_PRODUCTS_DIR}/FBSDKCoreKit/FBSDKCoreKit.framework",
				"${BUILT_PRODUCTS_DIR}/FBSDKLoginKit/FBSDKLoginKit.framework",
				"${BUILT_PRODUCTS_DIR}/FBSDKShareKit/FBSDKShareKit.framework",
				"${BUILT_PRODUCTS_DIR}/FacebookCore/FacebookCore.framework",
				"${BUILT_PRODUCTS_DIR}/FacebookLogin/FacebookLogin.framework",
				"${BUILT_PRODUCTS_DIR}/FacebookShare/FacebookShare.framework",
				"${BUILT_PRODUCTS_DIR}/UICKeyChainStore/UICKeyChainStore.framework",
			);
			name = "[CP] Embed Pods Frameworks";
			outputPaths = (
				"${TARGET_BUILD_DIR}/${FRAMEWORKS_FOLDER_PATH}/Bolts.framework",
				"${TARGET_BUILD_DIR}/${FRAMEWORKS_FOLDER_PATH}/FBSDKCoreKit.framework",
				"${TARGET_BUILD_DIR}/${FRAMEWORKS_FOLDER_PATH}/FBSDKLoginKit.framework",
				"${TARGET_BUILD_DIR}/${FRAMEWORKS_FOLDER_PATH}/FBSDKShareKit.framework",
				"${TARGET_BUILD_DIR}/${FRAMEWORKS_FOLDER_PATH}/FacebookCore.framework",
				"${TARGET_BUILD_DIR}/${FRAMEWORKS_FOLDER_PATH}/FacebookLogin.framework",
				"${TARGET_BUILD_DIR}/${FRAMEWORKS_FOLDER_PATH}/FacebookShare.framework",
				"${TARGET_BUILD_DIR}/${FRAMEWORKS_FOLDER_PATH}/UICKeyChainStore.framework",
			);
			runOnlyForDeploymentPostprocessing = 0;
			shellPath = /bin/sh;
			shellScript = "\"${SRCROOT}/Pods/Target Support Files/Pods-tnt/Pods-tnt-frameworks.sh\"\n";
			showEnvVarsInLog = 0;
		};
		A76E9CE21E9FDE2F00FC14FC /* ShellScript */ = {
			isa = PBXShellScriptBuildPhase;
			buildActionMask = 2147483647;
			files = (
			);
			inputPaths = (
			);
			outputPaths = (
			);
			runOnlyForDeploymentPostprocessing = 0;
			shellPath = /bin/sh;
			shellScript = "bash \"${BUILT_PRODUCTS_DIR}/${FRAMEWORKS_FOLDER_PATH}/AWSCore.framework/strip-frameworks.sh\"";
		};
/* End PBXShellScriptBuildPhase section */

/* Begin PBXSourcesBuildPhase section */
		A74DE8751E8DD4EB006B2AF5 /* Sources */ = {
			isa = PBXSourcesBuildPhase;
			buildActionMask = 2147483647;
			files = (
				A734D4DD1F216E1F006F89D3 /* tntScoringViewController.swift in Sources */,
				A760E93F1FBE3C9400D0D7F3 /* tntEditVideoInfoVC.swift in Sources */,
				A79DB3501EC4C0560007A543 /* tntLocalDataManager.swift in Sources */,
				A7C734401FF3368B00A502A6 /* tntMeetSetupListTVC.swift in Sources */,
				A7504E5E1F7AC41B00928A79 /* Meet+CoreDataProperties.swift in Sources */,
				A7C734311FE320F600A502A6 /* tntConfirmSignup.swift in Sources */,
				A79DB3521EC4C5430007A543 /* tntSynchManager.swift in Sources */,
				A7504E5F1F7AC41B00928A79 /* Video+CoreDataClass.swift in Sources */,
				A7F123F71FAF71EA00B7207F /* tntEditScoreItemVC.swift in Sources */,
				A74DE8851E8DD4EB006B2AF5 /* tnt.xcdatamodeld in Sources */,
				A7C734441FF35C0D00A502A6 /* tntEditMeetVC.swift in Sources */,
				A7C734421FF3370000A502A6 /* tntMeetSetupListCell.swift in Sources */,
				A7F123F31FAC008A00B7207F /* tntScoresTableHeaderView.swift in Sources */,
				A72459941FCF696C00558162 /* Team+CoreDataProperties.swift in Sources */,
				A7BCE18C1EA015A70053B550 /* tntLoginViewController.swift in Sources */,
				A7504E601F7AC41B00928A79 /* Video+CoreDataProperties.swift in Sources */,
				A7C734371FF0684E00A502A6 /* tntOptionsTVC.swift in Sources */,
				A7504E501F7ABEDD00928A79 /* MeetMO.swift in Sources */,
				A7349A1F1F78959D00E5EFEA /* tntAthleteSelectViewController.swift in Sources */,
				A77E58F31EE9C66700E05757 /* tntVideo.swift in Sources */,
				A7E22CAA1F7D96A0006FAAFC /* tntRelatedVideosTableCell.swift in Sources */,
				A7504E621F7AC41B00928A79 /* Scores+CoreDataProperties.swift in Sources */,
				A72459931FCF696C00558162 /* Team+CoreDataClass.swift in Sources */,
				A74DE87D1E8DD4EB006B2AF5 /* AppDelegate.swift in Sources */,
				A797063B207FB2FF001F8920 /* tntPhotos.swift in Sources */,
				A7C734351FEB1C8600A502A6 /* tntTeamScores.swift in Sources */,
				A7C7343D1FF2E9A400A502A6 /* tntAccountVC.swift in Sources */,
				A77E58F11EE0F79700E05757 /* tntVideosTableViewController.swift in Sources */,
				A734D4DF1F216E8A006F89D3 /* tntMeetsTableViewController.swift in Sources */,
				A7BCE18E1EA0175C0053B550 /* Constants.swift in Sources */,
				A734D4DB1F17E30D006F89D3 /* tntMeet.swift in Sources */,
				A73120181EF9ADC00008F9F9 /* tntVideoUploadViewController.swift in Sources */,
				A7349A211F7895C200E5EFEA /* tntAthleteSearchViewController.swift in Sources */,
				A78E8E691F9D1344007820C4 /* tntUserPoolLoginViewController.swift in Sources */,
				A74DE8BB1E96E1F6006B2AF5 /* tntAthlete.swift in Sources */,
				A74DE8BD1E96EEDF006B2AF5 /* tntHomeViewController.swift in Sources */,
				A797063D2080265C001F8920 /* tntOptionsTableCell.swift in Sources */,
				A7504E5D1F7AC41B00928A79 /* Meet+CoreDataClass.swift in Sources */,
				A724599D1FD07DE900558162 /* tntSelectTeamTVC.swift in Sources */,
				A7504E631F7AC41B00928A79 /* Athlete+CoreDataClass.swift in Sources */,
				A7349A1B1F78054100E5EFEA /* tntAthleteSetupChoices.swift in Sources */,
				A7349A1D1F781F0200E5EFEA /* tntEditAthleteViewController.swift in Sources */,
				A7504E611F7AC41B00928A79 /* Scores+CoreDataClass.swift in Sources */,
				A7504E641F7AC41B00928A79 /* Athlete+CoreDataProperties.swift in Sources */,
				A71726AB1FB1579F00759B52 /* AIFlatSwitch.swift in Sources */,
				A7074AF41F959D1D004EBAB8 /* tntLoginMethodsViewController.swift in Sources */,
				A7504E4E1F7ABE7B00928A79 /* ScoresMO.swift in Sources */,
				A72459961FD057EB00558162 /* tntTeam.swift in Sources */,
				A77D4CEC1F335AD5004D7215 /* tntScores.swift in Sources */,
				A79AA6341FA8FD7B009B00A5 /* tntScoresTableViewCell.swift in Sources */,
				A7C734331FE35B6400A502A6 /* tntTeamActivityTVC.swift in Sources */,
				A724599B1FD07CB300558162 /* tntEditTeamVC.swift in Sources */,
				A7504E521F7ABF5800928A79 /* VideoMO.swift in Sources */,
				A71726AD1FB23B3400759B52 /* tntEditEventHeaderVC.swift in Sources */,
				A72825521EA97FAB00EA3DA0 /* tntS3UploadViewController.swift in Sources */,
				A79DB3541EC537470007A543 /* tntLoginManager.swift in Sources */,
				A79AA6321FA8FD41009B00A5 /* tntScoresTableViewController.swift in Sources */,
				A72825501EA7CFBE00EA3DA0 /* tntIdentityProvider.swift in Sources */,
				A79AA6361FA90169009B00A5 /* tntScoreItem.swift in Sources */,
				A72459981FD059C800558162 /* TeamMO.swift in Sources */,
				A7C7342F1FE2F97C00A502A6 /* SignUpViewController.swift in Sources */,
				A7504E541F7ABFC000928A79 /* AthleteMO.swift in Sources */,
			);
			runOnlyForDeploymentPostprocessing = 0;
		};
		A74DE88C1E8DD4EB006B2AF5 /* Sources */ = {
			isa = PBXSourcesBuildPhase;
			buildActionMask = 2147483647;
			files = (
				A74DE8951E8DD4EB006B2AF5 /* tntTests.swift in Sources */,
			);
			runOnlyForDeploymentPostprocessing = 0;
		};
		A74DE8971E8DD4EB006B2AF5 /* Sources */ = {
			isa = PBXSourcesBuildPhase;
			buildActionMask = 2147483647;
			files = (
				A74DE8A01E8DD4EB006B2AF5 /* tntUITests.swift in Sources */,
			);
			runOnlyForDeploymentPostprocessing = 0;
		};
/* End PBXSourcesBuildPhase section */

/* Begin PBXTargetDependency section */
		A74DE8921E8DD4EB006B2AF5 /* PBXTargetDependency */ = {
			isa = PBXTargetDependency;
			target = A74DE8781E8DD4EB006B2AF5 /* tnt */;
			targetProxy = A74DE8911E8DD4EB006B2AF5 /* PBXContainerItemProxy */;
		};
		A74DE89D1E8DD4EB006B2AF5 /* PBXTargetDependency */ = {
			isa = PBXTargetDependency;
			target = A74DE8781E8DD4EB006B2AF5 /* tnt */;
			targetProxy = A74DE89C1E8DD4EB006B2AF5 /* PBXContainerItemProxy */;
		};
/* End PBXTargetDependency section */

/* Begin PBXVariantGroup section */
		A74DE8801E8DD4EB006B2AF5 /* Main.storyboard */ = {
			isa = PBXVariantGroup;
			children = (
				A74DE8811E8DD4EB006B2AF5 /* Base */,
			);
			name = Main.storyboard;
			sourceTree = "<group>";
		};
		A74DE8881E8DD4EB006B2AF5 /* LaunchScreen.storyboard */ = {
			isa = PBXVariantGroup;
			children = (
				A74DE8891E8DD4EB006B2AF5 /* Base */,
			);
			name = LaunchScreen.storyboard;
			sourceTree = "<group>";
		};
/* End PBXVariantGroup section */

/* Begin XCBuildConfiguration section */
		A74DE8A21E8DD4EB006B2AF5 /* Debug */ = {
			isa = XCBuildConfiguration;
			buildSettings = {
				ALWAYS_SEARCH_USER_PATHS = NO;
				CLANG_ANALYZER_NONNULL = YES;
				CLANG_CXX_LANGUAGE_STANDARD = "gnu++0x";
				CLANG_CXX_LIBRARY = "libc++";
				CLANG_ENABLE_MODULES = YES;
				CLANG_ENABLE_OBJC_ARC = YES;
				CLANG_WARN_BOOL_CONVERSION = YES;
				CLANG_WARN_CONSTANT_CONVERSION = YES;
				CLANG_WARN_DIRECT_OBJC_ISA_USAGE = YES_ERROR;
				CLANG_WARN_DOCUMENTATION_COMMENTS = YES;
				CLANG_WARN_EMPTY_BODY = YES;
				CLANG_WARN_ENUM_CONVERSION = YES;
				CLANG_WARN_INFINITE_RECURSION = YES;
				CLANG_WARN_INT_CONVERSION = YES;
				CLANG_WARN_OBJC_ROOT_CLASS = YES_ERROR;
				CLANG_WARN_SUSPICIOUS_MOVE = YES;
				CLANG_WARN_SUSPICIOUS_MOVES = YES;
				CLANG_WARN_UNREACHABLE_CODE = YES;
				CLANG_WARN__DUPLICATE_METHOD_MATCH = YES;
				"CODE_SIGN_IDENTITY[sdk=iphoneos*]" = "iPhone Developer";
				COPY_PHASE_STRIP = NO;
				DEBUG_INFORMATION_FORMAT = dwarf;
				DEVELOPMENT_TEAM = 3XJ4RLQ4TA;
				ENABLE_STRICT_OBJC_MSGSEND = YES;
				ENABLE_TESTABILITY = YES;
				GCC_C_LANGUAGE_STANDARD = gnu99;
				GCC_DYNAMIC_NO_PIC = NO;
				GCC_NO_COMMON_BLOCKS = YES;
				GCC_OPTIMIZATION_LEVEL = 0;
				GCC_PREPROCESSOR_DEFINITIONS = (
					"DEBUG=1",
					"$(inherited)",
				);
				GCC_WARN_64_TO_32_BIT_CONVERSION = YES;
				GCC_WARN_ABOUT_RETURN_TYPE = YES_ERROR;
				GCC_WARN_UNDECLARED_SELECTOR = YES;
				GCC_WARN_UNINITIALIZED_AUTOS = YES_AGGRESSIVE;
				GCC_WARN_UNUSED_FUNCTION = YES;
				GCC_WARN_UNUSED_VARIABLE = YES;
				IPHONEOS_DEPLOYMENT_TARGET = 10.0;
				MTL_ENABLE_DEBUG_INFO = YES;
				ONLY_ACTIVE_ARCH = YES;
				SDKROOT = iphoneos;
				SWIFT_ACTIVE_COMPILATION_CONDITIONS = DEBUG;
				SWIFT_OPTIMIZATION_LEVEL = "-Onone";
				TARGETED_DEVICE_FAMILY = "1,2";
			};
			name = Debug;
		};
		A74DE8A31E8DD4EB006B2AF5 /* Release */ = {
			isa = XCBuildConfiguration;
			buildSettings = {
				ALWAYS_SEARCH_USER_PATHS = NO;
				CLANG_ANALYZER_NONNULL = YES;
				CLANG_CXX_LANGUAGE_STANDARD = "gnu++0x";
				CLANG_CXX_LIBRARY = "libc++";
				CLANG_ENABLE_MODULES = YES;
				CLANG_ENABLE_OBJC_ARC = YES;
				CLANG_WARN_BOOL_CONVERSION = YES;
				CLANG_WARN_CONSTANT_CONVERSION = YES;
				CLANG_WARN_DIRECT_OBJC_ISA_USAGE = YES_ERROR;
				CLANG_WARN_DOCUMENTATION_COMMENTS = YES;
				CLANG_WARN_EMPTY_BODY = YES;
				CLANG_WARN_ENUM_CONVERSION = YES;
				CLANG_WARN_INFINITE_RECURSION = YES;
				CLANG_WARN_INT_CONVERSION = YES;
				CLANG_WARN_OBJC_ROOT_CLASS = YES_ERROR;
				CLANG_WARN_SUSPICIOUS_MOVE = YES;
				CLANG_WARN_SUSPICIOUS_MOVES = YES;
				CLANG_WARN_UNREACHABLE_CODE = YES;
				CLANG_WARN__DUPLICATE_METHOD_MATCH = YES;
				"CODE_SIGN_IDENTITY[sdk=iphoneos*]" = "iPhone Developer";
				COPY_PHASE_STRIP = NO;
				DEBUG_INFORMATION_FORMAT = "dwarf-with-dsym";
				DEVELOPMENT_TEAM = 3XJ4RLQ4TA;
				ENABLE_NS_ASSERTIONS = NO;
				ENABLE_STRICT_OBJC_MSGSEND = YES;
				GCC_C_LANGUAGE_STANDARD = gnu99;
				GCC_NO_COMMON_BLOCKS = YES;
				GCC_WARN_64_TO_32_BIT_CONVERSION = YES;
				GCC_WARN_ABOUT_RETURN_TYPE = YES_ERROR;
				GCC_WARN_UNDECLARED_SELECTOR = YES;
				GCC_WARN_UNINITIALIZED_AUTOS = YES_AGGRESSIVE;
				GCC_WARN_UNUSED_FUNCTION = YES;
				GCC_WARN_UNUSED_VARIABLE = YES;
				IPHONEOS_DEPLOYMENT_TARGET = 10.0;
				MTL_ENABLE_DEBUG_INFO = NO;
				SDKROOT = iphoneos;
				SWIFT_OPTIMIZATION_LEVEL = "-Owholemodule";
				TARGETED_DEVICE_FAMILY = "1,2";
				VALIDATE_PRODUCT = YES;
			};
			name = Release;
		};
		A74DE8A51E8DD4EB006B2AF5 /* Debug */ = {
			isa = XCBuildConfiguration;
			baseConfigurationReference = E8CA800DC1F082033AA5E8FF /* Pods-tnt.debug.xcconfig */;
			buildSettings = {
				ASSETCATALOG_COMPILER_APPICON_NAME = AppIcon;
				FRAMEWORK_SEARCH_PATHS = (
					"$(inherited)",
					"$(PROJECT_DIR)",
					/Users/sumo/iosdev/FacebookSDK,
				);
				INFOPLIST_FILE = tnt/Info.plist;
				LD_RUNPATH_SEARCH_PATHS = "$(inherited) @executable_path/Frameworks";
				PRODUCT_BUNDLE_IDENTIFIER = com.ozzieozumo.tnt;
				PRODUCT_NAME = "$(TARGET_NAME)";
				SWIFT_VERSION = 3.0;
			};
			name = Debug;
		};
		A74DE8A61E8DD4EB006B2AF5 /* Release */ = {
			isa = XCBuildConfiguration;
			baseConfigurationReference = CCADD3B3E4116C46273994CD /* Pods-tnt.release.xcconfig */;
			buildSettings = {
				ASSETCATALOG_COMPILER_APPICON_NAME = AppIcon;
				FRAMEWORK_SEARCH_PATHS = (
					"$(inherited)",
					"$(PROJECT_DIR)",
					/Users/sumo/iosdev/FacebookSDK,
				);
				INFOPLIST_FILE = tnt/Info.plist;
				LD_RUNPATH_SEARCH_PATHS = "$(inherited) @executable_path/Frameworks";
				PRODUCT_BUNDLE_IDENTIFIER = com.ozzieozumo.tnt;
				PRODUCT_NAME = "$(TARGET_NAME)";
				SWIFT_VERSION = 3.0;
			};
			name = Release;
		};
		A74DE8A81E8DD4EB006B2AF5 /* Debug */ = {
			isa = XCBuildConfiguration;
			buildSettings = {
				ALWAYS_EMBED_SWIFT_STANDARD_LIBRARIES = YES;
				BUNDLE_LOADER = "$(TEST_HOST)";
				INFOPLIST_FILE = tntTests/Info.plist;
				LD_RUNPATH_SEARCH_PATHS = "$(inherited) @executable_path/Frameworks @loader_path/Frameworks";
				PRODUCT_BUNDLE_IDENTIFIER = com.ozzieozumo.tntTests;
				PRODUCT_NAME = "$(TARGET_NAME)";
				SWIFT_VERSION = 3.0;
				TEST_HOST = "$(BUILT_PRODUCTS_DIR)/tnt.app/tnt";
			};
			name = Debug;
		};
		A74DE8A91E8DD4EB006B2AF5 /* Release */ = {
			isa = XCBuildConfiguration;
			buildSettings = {
				ALWAYS_EMBED_SWIFT_STANDARD_LIBRARIES = YES;
				BUNDLE_LOADER = "$(TEST_HOST)";
				INFOPLIST_FILE = tntTests/Info.plist;
				LD_RUNPATH_SEARCH_PATHS = "$(inherited) @executable_path/Frameworks @loader_path/Frameworks";
				PRODUCT_BUNDLE_IDENTIFIER = com.ozzieozumo.tntTests;
				PRODUCT_NAME = "$(TARGET_NAME)";
				SWIFT_VERSION = 3.0;
				TEST_HOST = "$(BUILT_PRODUCTS_DIR)/tnt.app/tnt";
			};
			name = Release;
		};
		A74DE8AB1E8DD4EB006B2AF5 /* Debug */ = {
			isa = XCBuildConfiguration;
			buildSettings = {
				ALWAYS_EMBED_SWIFT_STANDARD_LIBRARIES = YES;
				INFOPLIST_FILE = tntUITests/Info.plist;
				LD_RUNPATH_SEARCH_PATHS = "$(inherited) @executable_path/Frameworks @loader_path/Frameworks";
				PRODUCT_BUNDLE_IDENTIFIER = com.ozzieozumo.tntUITests;
				PRODUCT_NAME = "$(TARGET_NAME)";
				SWIFT_VERSION = 3.0;
				TEST_TARGET_NAME = tnt;
			};
			name = Debug;
		};
		A74DE8AC1E8DD4EB006B2AF5 /* Release */ = {
			isa = XCBuildConfiguration;
			buildSettings = {
				ALWAYS_EMBED_SWIFT_STANDARD_LIBRARIES = YES;
				INFOPLIST_FILE = tntUITests/Info.plist;
				LD_RUNPATH_SEARCH_PATHS = "$(inherited) @executable_path/Frameworks @loader_path/Frameworks";
				PRODUCT_BUNDLE_IDENTIFIER = com.ozzieozumo.tntUITests;
				PRODUCT_NAME = "$(TARGET_NAME)";
				SWIFT_VERSION = 3.0;
				TEST_TARGET_NAME = tnt;
			};
			name = Release;
		};
/* End XCBuildConfiguration section */

/* Begin XCConfigurationList section */
		A74DE8741E8DD4EB006B2AF5 /* Build configuration list for PBXProject "tnt" */ = {
			isa = XCConfigurationList;
			buildConfigurations = (
				A74DE8A21E8DD4EB006B2AF5 /* Debug */,
				A74DE8A31E8DD4EB006B2AF5 /* Release */,
			);
			defaultConfigurationIsVisible = 0;
			defaultConfigurationName = Release;
		};
		A74DE8A41E8DD4EB006B2AF5 /* Build configuration list for PBXNativeTarget "tnt" */ = {
			isa = XCConfigurationList;
			buildConfigurations = (
				A74DE8A51E8DD4EB006B2AF5 /* Debug */,
				A74DE8A61E8DD4EB006B2AF5 /* Release */,
			);
			defaultConfigurationIsVisible = 0;
			defaultConfigurationName = Release;
		};
		A74DE8A71E8DD4EB006B2AF5 /* Build configuration list for PBXNativeTarget "tntTests" */ = {
			isa = XCConfigurationList;
			buildConfigurations = (
				A74DE8A81E8DD4EB006B2AF5 /* Debug */,
				A74DE8A91E8DD4EB006B2AF5 /* Release */,
			);
			defaultConfigurationIsVisible = 0;
			defaultConfigurationName = Release;
		};
		A74DE8AA1E8DD4EB006B2AF5 /* Build configuration list for PBXNativeTarget "tntUITests" */ = {
			isa = XCConfigurationList;
			buildConfigurations = (
				A74DE8AB1E8DD4EB006B2AF5 /* Debug */,
				A74DE8AC1E8DD4EB006B2AF5 /* Release */,
			);
			defaultConfigurationIsVisible = 0;
			defaultConfigurationName = Release;
		};
/* End XCConfigurationList section */

/* Begin XCVersionGroup section */
		A74DE8831E8DD4EB006B2AF5 /* tnt.xcdatamodeld */ = {
			isa = XCVersionGroup;
			children = (
				A74DE8841E8DD4EB006B2AF5 /* tnt.xcdatamodel */,
			);
			currentVersion = A74DE8841E8DD4EB006B2AF5 /* tnt.xcdatamodel */;
			path = tnt.xcdatamodeld;
			sourceTree = "<group>";
			versionGroupType = wrapper.xcdatamodel;
		};
/* End XCVersionGroup section */
	};
	rootObject = A74DE8711E8DD4EB006B2AF5 /* Project object */;
}
